
Microsoft Visual Studio Solution File, Format Version 12.00
# Visual Studio Version 16
VisualStudioVersion = 16.0.31729.503
MinimumVisualStudioVersion = 10.0.40219.1
Project("{9A19103F-16F7-4668-BE54-9A1E7A4F7556}") = "GameOfLife", "GameOfLife\GameOfLife.csproj", "{7393C17E-D4B9-403C-B00F-A4217AE2E42E}"
EndProject
Project("{FAE04EC0-301F-11D3-BF4B-00C04F79EFBC}") = "GameOfLife.Core", "GameOfLife.Core\GameOfLife.Core.csproj", "{680F2BD6-6AA8-40D6-BCA6-00E9298205E8}"
EndProject
Project("{2150E333-8FDC-42A3-9474-1A3956D46DE8}") = "Tests", "Tests", "{5C6FA733-3905-40D8-9E06-39849B11F474}"
EndProject
Project("{FAE04EC0-301F-11D3-BF4B-00C04F79EFBC}") = "GameOfLife.Tests", "GameOfLife.Tests\GameOfLife.Tests.csproj", "{B0C1F1D5-AD07-439D-A2BC-4C1F52867999}"
EndProject
Project("{FAE04EC0-301F-11D3-BF4B-00C04F79EFBC}") = "GameOfLife.Core.Tests", "GameOfLife.Core.Tests\GameOfLife.Core.Tests.csproj", "{719F92D7-DEF3-433B-885C-1BCCFD2CDA5D}"
EndProject
Global
	GlobalSection(SolutionConfigurationPlatforms) = preSolution
		Debug|Any CPU = Debug|Any CPU
		Release|Any CPU = Release|Any CPU
	EndGlobalSection
	GlobalSection(ProjectConfigurationPlatforms) = postSolution
		{7393C17E-D4B9-403C-B00F-A4217AE2E42E}.Debug|Any CPU.ActiveCfg = Debug|Any CPU
		{7393C17E-D4B9-403C-B00F-A4217AE2E42E}.Debug|Any CPU.Build.0 = Debug|Any CPU
		{7393C17E-D4B9-403C-B00F-A4217AE2E42E}.Release|Any CPU.ActiveCfg = Release|Any CPU
		{7393C17E-D4B9-403C-B00F-A4217AE2E42E}.Release|Any CPU.Build.0 = Release|Any CPU
		{680F2BD6-6AA8-40D6-BCA6-00E9298205E8}.Debug|Any CPU.ActiveCfg = Debug|Any CPU
		{680F2BD6-6AA8-40D6-BCA6-00E9298205E8}.Debug|Any CPU.Build.0 = Debug|Any CPU
		{680F2BD6-6AA8-40D6-BCA6-00E9298205E8}.Release|Any CPU.ActiveCfg = Release|Any CPU
		{680F2BD6-6AA8-40D6-BCA6-00E9298205E8}.Release|Any CPU.Build.0 = Release|Any CPU
		{B0C1F1D5-AD07-439D-A2BC-4C1F52867999}.Debug|Any CPU.ActiveCfg = Debug|Any CPU
		{B0C1F1D5-AD07-439D-A2BC-4C1F52867999}.Debug|Any CPU.Build.0 = Debug|Any CPU
		{B0C1F1D5-AD07-439D-A2BC-4C1F52867999}.Release|Any CPU.ActiveCfg = Release|Any CPU
		{B0C1F1D5-AD07-439D-A2BC-4C1F52867999}.Release|Any CPU.Build.0 = Release|Any CPU
		{719F92D7-DEF3-433B-885C-1BCCFD2CDA5D}.Debug|Any CPU.ActiveCfg = Debug|Any CPU
		{719F92D7-DEF3-433B-885C-1BCCFD2CDA5D}.Debug|Any CPU.Build.0 = Debug|Any CPU
		{719F92D7-DEF3-433B-885C-1BCCFD2CDA5D}.Release|Any CPU.ActiveCfg = Release|Any CPU
		{719F92D7-DEF3-433B-885C-1BCCFD2CDA5D}.Release|Any CPU.Build.0 = Release|Any CPU
	EndGlobalSection
	GlobalSection(SolutionProperties) = preSolution
		HideSolutionNode = FALSE
	EndGlobalSection
	GlobalSection(NestedProjects) = preSolution
		{B0C1F1D5-AD07-439D-A2BC-4C1F52867999} = {5C6FA733-3905-40D8-9E06-39849B11F474}
		{719F92D7-DEF3-433B-885C-1BCCFD2CDA5D} = {5C6FA733-3905-40D8-9E06-39849B11F474}
	EndGlobalSection
	GlobalSection(ExtensibilityGlobals) = postSolution
		SolutionGuid = {B3AF43A1-DD8E-45DD-8F7A-A427A6AD7CD7}
	EndGlobalSection
EndGlobal
